
Microsoft Visual Studio Solution File, Format Version 12.00
# Visual Studio Version 17
VisualStudioVersion = 17.0.31912.275
MinimumVisualStudioVersion = 10.0.40219.1
Project("{9A19103F-16F7-4668-BE54-9A1E7A4F7556}") = "PeopleRegister.Domain", "PeopleRegister.Domain\PeopleRegister.Domain.csproj", "{650458AF-41E6-4C72-A55F-8CCCB000F22A}"
EndProject
Project("{9A19103F-16F7-4668-BE54-9A1E7A4F7556}") = "PeopleRegister.Application", "PeopleRegister.Application\PeopleRegister.Application.csproj", "{7FAEF240-1AC0-4684-87BA-99391F2339D6}"
EndProject
Project("{9A19103F-16F7-4668-BE54-9A1E7A4F7556}") = "PeopleRegister.Presentation", "PeopleRegister.Presentation\PeopleRegister.Presentation.csproj", "{F0995253-BC0D-4018-810C-22237485761C}"
EndProject
Project("{FAE04EC0-301F-11D3-BF4B-00C04F79EFBC}") = "PeopleRegister.CrossCutting", "PeopleRegister.CrossCutting\PeopleRegister.CrossCutting.csproj", "{CD107719-E490-4915-8980-CE75BF6F645C}"
EndProject
Project("{FAE04EC0-301F-11D3-BF4B-00C04F79EFBC}") = "PeopleRegister.Data", "PeopleRegister.Data\PeopleRegister.Data.csproj", "{677A4C93-18A6-4999-881B-59538EEE3984}"
EndProject
Global
	GlobalSection(SolutionConfigurationPlatforms) = preSolution
		Debug|Any CPU = Debug|Any CPU
		Release|Any CPU = Release|Any CPU
	EndGlobalSection
	GlobalSection(ProjectConfigurationPlatforms) = postSolution
		{650458AF-41E6-4C72-A55F-8CCCB000F22A}.Debug|Any CPU.ActiveCfg = Debug|Any CPU
		{650458AF-41E6-4C72-A55F-8CCCB000F22A}.Debug|Any CPU.Build.0 = Debug|Any CPU
		{650458AF-41E6-4C72-A55F-8CCCB000F22A}.Release|Any CPU.ActiveCfg = Release|Any CPU
		{650458AF-41E6-4C72-A55F-8CCCB000F22A}.Release|Any CPU.Build.0 = Release|Any CPU
		{7FAEF240-1AC0-4684-87BA-99391F2339D6}.Debug|Any CPU.ActiveCfg = Debug|Any CPU
		{7FAEF240-1AC0-4684-87BA-99391F2339D6}.Debug|Any CPU.Build.0 = Debug|Any CPU
		{7FAEF240-1AC0-4684-87BA-99391F2339D6}.Release|Any CPU.ActiveCfg = Release|Any CPU
		{7FAEF240-1AC0-4684-87BA-99391F2339D6}.Release|Any CPU.Build.0 = Release|Any CPU
		{F0995253-BC0D-4018-810C-22237485761C}.Debug|Any CPU.ActiveCfg = Debug|Any CPU
		{F0995253-BC0D-4018-810C-22237485761C}.Debug|Any CPU.Build.0 = Debug|Any CPU
		{F0995253-BC0D-4018-810C-22237485761C}.Release|Any CPU.ActiveCfg = Release|Any CPU
		{F0995253-BC0D-4018-810C-22237485761C}.Release|Any CPU.Build.0 = Release|Any CPU
		{CD107719-E490-4915-8980-CE75BF6F645C}.Debug|Any CPU.ActiveCfg = Debug|Any CPU
		{CD107719-E490-4915-8980-CE75BF6F645C}.Debug|Any CPU.Build.0 = Debug|Any CPU
		{CD107719-E490-4915-8980-CE75BF6F645C}.Release|Any CPU.ActiveCfg = Release|Any CPU
		{CD107719-E490-4915-8980-CE75BF6F645C}.Release|Any CPU.Build.0 = Release|Any CPU
		{677A4C93-18A6-4999-881B-59538EEE3984}.Debug|Any CPU.ActiveCfg = Debug|Any CPU
		{677A4C93-18A6-4999-881B-59538EEE3984}.Debug|Any CPU.Build.0 = Debug|Any CPU
		{677A4C93-18A6-4999-881B-59538EEE3984}.Release|Any CPU.ActiveCfg = Release|Any CPU
		{677A4C93-18A6-4999-881B-59538EEE3984}.Release|Any CPU.Build.0 = Release|Any CPU
	EndGlobalSection
	GlobalSection(SolutionProperties) = preSolution
		HideSolutionNode = FALSE
	EndGlobalSection
	GlobalSection(ExtensibilityGlobals) = postSolution
		SolutionGuid = {795F6E81-07F9-4A3A-916E-61F553E2E65E}
	EndGlobalSection
EndGlobal
